PODS:
  - Flutter (1.0.0)
  - fluttertoast (0.0.2):
    - Flutter
    - Toast
  - gt4_flutter_plugin (0.0.2):
    - Flutter
    - gt4_flutter_plugin/Vendor (= 0.0.2)
  - gt4_flutter_plugin/Vendor (0.0.2):
    - Flutter
  - Toast (4.0.0)

DEPENDENCIES:
  - Flutter (from `Flutter`)
  - fluttertoast (from `.symlinks/plugins/fluttertoast/ios`)
  - gt4_flutter_plugin (from `.symlinks/plugins/gt4_flutter_plugin/ios`)

SPEC REPOS:
  trunk:
    - Toast

EXTERNAL SOURCES:
  Flutter:
    :path: Flutter
  fluttertoast:
    :path: ".symlinks/plugins/fluttertoast/ios"
  gt4_flutter_plugin:
    :path: ".symlinks/plugins/gt4_flutter_plugin/ios"

SPEC CHECKSUMS:
  Flutter: f04841e97a9d0b0a8025694d0796dd46242b2854
  fluttertoast: 31b00dabfa7fb7bacd9e7dbee580d7a2ff4bf265
  gt4_flutter_plugin: 595705f35f0ae0319afe46584c432bca3775a7f3
  Toast: 91b396c56ee72a5790816f40d3a94dd357abc196

PODFILE CHECKSUM: e16eac9ab5ec81ebccaeb5d09cef1eaf8268d7ab

COCOAPODS: 1.15.2
