PODS:
  - Flutter (1.0.0)
  - fluttertoast (0.0.2):
    - Flutter
    - Toast
  - gt4_flutter_plugin (0.0.1):
    - Flutter
    - GTCaptcha4-iOS
  - GTCaptcha4-iOS (1.5.0)
  - Toast (4.0.0)

DEPENDENCIES:
  - Flutter (from `Flutter`)
  - fluttertoast (from `.symlinks/plugins/fluttertoast/ios`)
  - gt4_flutter_plugin (from `.symlinks/plugins/gt4_flutter_plugin/ios`)

SPEC REPOS:
  trunk:
    - GTCaptcha4-iOS
    - Toast

EXTERNAL SOURCES:
  Flutter:
    :path: Flutter
  fluttertoast:
    :path: ".symlinks/plugins/fluttertoast/ios"
  gt4_flutter_plugin:
    :path: ".symlinks/plugins/gt4_flutter_plugin/ios"

SPEC CHECKSUMS:
  Flutter: 50d75fe2f02b26cc09d224853bb45737f8b3214a
  fluttertoast: 6122fa75143e992b1d3470f61000f591a798cc58
  gt4_flutter_plugin: d99fb586c4269253f8ada9ef43cb0a2be1c507c7
  GTCaptcha4-iOS: ae5f69fe060a09a1aec48f8f953988868c85f14d
  Toast: 91b396c56ee72a5790816f40d3a94dd357abc196

PODFILE CHECKSUM: e16eac9ab5ec81ebccaeb5d09cef1eaf8268d7ab

COCOAPODS: 1.11.2
